
Microsoft Visual Studio Solution File, Format Version 12.00
# Visual Studio Version 17
VisualStudioVersion = 17.0.31903.59
MinimumVisualStudioVersion = 10.0.40219.1
Project("{2150E333-8FDC-42A3-9474-1A3956D46DE8}") = "Core", "Core", "{02EA681E-C7D8-13C7-8484-4AC65E1B71E8}"
EndProject
Project("{FAE04EC0-301F-11D3-BF4B-00C04F79EFBC}") = "CRM.Domain", "Core\CRM.Domain\CRM.Domain.csproj", "{0EAA13E2-509F-4B1A-99C6-F860BDB8D449}"
EndProject
Project("{FAE04EC0-301F-11D3-BF4B-00C04F79EFBC}") = "CRM.Application", "Core\CRM.Application\CRM.Application.csproj", "{B5C06FC0-45E2-4135-AD09-733EF831878B}"
EndProject
Global
	GlobalSection(SolutionConfigurationPlatforms) = preSolution
		Debug|Any CPU = Debug|Any CPU
		Release|Any CPU = Release|Any CPU
	EndGlobalSection
	GlobalSection(ProjectConfigurationPlatforms) = postSolution
		{0EAA13E2-509F-4B1A-99C6-F860BDB8D449}.Debug|Any CPU.ActiveCfg = Debug|Any CPU
		{0EAA13E2-509F-4B1A-99C6-F860BDB8D449}.Debug|Any CPU.Build.0 = Debug|Any CPU
		{0EAA13E2-509F-4B1A-99C6-F860BDB8D449}.Release|Any CPU.ActiveCfg = Release|Any CPU
		{0EAA13E2-509F-4B1A-99C6-F860BDB8D449}.Release|Any CPU.Build.0 = Release|Any CPU
		{B5C06FC0-45E2-4135-AD09-733EF831878B}.Debug|Any CPU.ActiveCfg = Debug|Any CPU
		{B5C06FC0-45E2-4135-AD09-733EF831878B}.Debug|Any CPU.Build.0 = Debug|Any CPU
		{B5C06FC0-45E2-4135-AD09-733EF831878B}.Release|Any CPU.ActiveCfg = Release|Any CPU
		{B5C06FC0-45E2-4135-AD09-733EF831878B}.Release|Any CPU.Build.0 = Release|Any CPU
	EndGlobalSection
	GlobalSection(SolutionProperties) = preSolution
		HideSolutionNode = FALSE
	EndGlobalSection
	GlobalSection(NestedProjects) = preSolution
		{0EAA13E2-509F-4B1A-99C6-F860BDB8D449} = {02EA681E-C7D8-13C7-8484-4AC65E1B71E8}
		{B5C06FC0-45E2-4135-AD09-733EF831878B} = {02EA681E-C7D8-13C7-8484-4AC65E1B71E8}
	EndGlobalSection
	GlobalSection(ExtensibilityGlobals) = postSolution
		SolutionGuid = {6B4168D3-2CFC-4A5B-8D1E-3F121FDF358F}
	EndGlobalSection
EndGlobal
