
Microsoft Visual Studio Solution File, Format Version 12.00
# Visual Studio Version 17
VisualStudioVersion = 17.0.31903.59
MinimumVisualStudioVersion = 10.0.40219.1
Project("{2150E333-8FDC-42A3-9474-1A3956D46DE8}") = "Core", "Core", "{02EA681E-C7D8-13C7-8484-4AC65E1B71E8}"
EndProject
Project("{FAE04EC0-301F-11D3-BF4B-00C04F79EFBC}") = "CRM.Domain", "Core\CRM.Domain\CRM.Domain.csproj", "{0EAA13E2-509F-4B1A-99C6-F860BDB8D449}"
EndProject
Project("{FAE04EC0-301F-11D3-BF4B-00C04F79EFBC}") = "CRM.Application", "Core\CRM.Application\CRM.Application.csproj", "{B5C06FC0-45E2-4135-AD09-733EF831878B}"
EndProject
Project("{2150E333-8FDC-42A3-9474-1A3956D46DE8}") = "src", "src", "{E443CE11-E5C5-44E4-904C-9B0A5AE6BA9E}"
EndProject
Project("{2150E333-8FDC-42A3-9474-1A3956D46DE8}") = "Infrastructure", "Infrastructure", "{C06A8831-693E-4686-AE62-FB96B60F56CE}"
EndProject
Project("{2150E333-8FDC-42A3-9474-1A3956D46DE8}") = "Presentation", "Presentation", "{1F57174F-AC9D-4B3C-9CF1-10DD47719932}"
EndProject
Project("{FAE04EC0-301F-11D3-BF4B-00C04F79EFBC}") = "CRM.Infrastructure", "Infrastructure\CRM.Infrastructure\CRM.Infrastructure.csproj", "{40BFC6BE-BD10-4C8C-AF03-061F876F34B5}"
EndProject
Project("{FAE04EC0-301F-11D3-BF4B-00C04F79EFBC}") = "CRM.API", "Presentation\CRM.API\CRM.API.csproj", "{4FC86E4C-200E-4AD1-92D9-D963BA1D1247}"
EndProject
Project("{2150E333-8FDC-42A3-9474-1A3956D46DE8}") = "tests", "tests", "{49117C7F-C312-4022-8CFF-868550FA8838}"
EndProject
Project("{FAE04EC0-301F-11D3-BF4B-00C04F79EFBC}") = "CRM.UnitTests", "..\tests\CRM.UnitTests\CRM.UnitTests.csproj", "{F2AB81FB-01F4-4E70-90E7-8B7B6CFBCEB5}"
EndProject
Project("{FAE04EC0-301F-11D3-BF4B-00C04F79EFBC}") = "CRM.IntegrationTest", "..\tests\CRM.IntegrationTest\CRM.IntegrationTest.csproj", "{D705E828-DDD5-4422-A1E9-7B87E68E159B}"
EndProject
Project("{FAE04EC0-301F-11D3-BF4B-00C04F79EFBC}") = "CRM.SharedKernel", "Core\CRM.SharedKernel\CRM.SharedKernel.csproj", "{237FE164-375E-479F-AA2E-B160122C6C97}"
EndProject
Global
	GlobalSection(SolutionConfigurationPlatforms) = preSolution
		Debug|Any CPU = Debug|Any CPU
		Release|Any CPU = Release|Any CPU
	EndGlobalSection
	GlobalSection(ProjectConfigurationPlatforms) = postSolution
		{0EAA13E2-509F-4B1A-99C6-F860BDB8D449}.Debug|Any CPU.ActiveCfg = Debug|Any CPU
		{0EAA13E2-509F-4B1A-99C6-F860BDB8D449}.Debug|Any CPU.Build.0 = Debug|Any CPU
		{0EAA13E2-509F-4B1A-99C6-F860BDB8D449}.Release|Any CPU.ActiveCfg = Release|Any CPU
		{0EAA13E2-509F-4B1A-99C6-F860BDB8D449}.Release|Any CPU.Build.0 = Release|Any CPU
		{B5C06FC0-45E2-4135-AD09-733EF831878B}.Debug|Any CPU.ActiveCfg = Debug|Any CPU
		{B5C06FC0-45E2-4135-AD09-733EF831878B}.Debug|Any CPU.Build.0 = Debug|Any CPU
		{B5C06FC0-45E2-4135-AD09-733EF831878B}.Release|Any CPU.ActiveCfg = Release|Any CPU
		{B5C06FC0-45E2-4135-AD09-733EF831878B}.Release|Any CPU.Build.0 = Release|Any CPU
		{40BFC6BE-BD10-4C8C-AF03-061F876F34B5}.Debug|Any CPU.ActiveCfg = Debug|Any CPU
		{40BFC6BE-BD10-4C8C-AF03-061F876F34B5}.Debug|Any CPU.Build.0 = Debug|Any CPU
		{40BFC6BE-BD10-4C8C-AF03-061F876F34B5}.Release|Any CPU.ActiveCfg = Release|Any CPU
		{40BFC6BE-BD10-4C8C-AF03-061F876F34B5}.Release|Any CPU.Build.0 = Release|Any CPU
		{4FC86E4C-200E-4AD1-92D9-D963BA1D1247}.Debug|Any CPU.ActiveCfg = Debug|Any CPU
		{4FC86E4C-200E-4AD1-92D9-D963BA1D1247}.Debug|Any CPU.Build.0 = Debug|Any CPU
		{4FC86E4C-200E-4AD1-92D9-D963BA1D1247}.Release|Any CPU.ActiveCfg = Release|Any CPU
		{4FC86E4C-200E-4AD1-92D9-D963BA1D1247}.Release|Any CPU.Build.0 = Release|Any CPU
		{F2AB81FB-01F4-4E70-90E7-8B7B6CFBCEB5}.Debug|Any CPU.ActiveCfg = Debug|Any CPU
		{F2AB81FB-01F4-4E70-90E7-8B7B6CFBCEB5}.Debug|Any CPU.Build.0 = Debug|Any CPU
		{F2AB81FB-01F4-4E70-90E7-8B7B6CFBCEB5}.Release|Any CPU.ActiveCfg = Release|Any CPU
		{F2AB81FB-01F4-4E70-90E7-8B7B6CFBCEB5}.Release|Any CPU.Build.0 = Release|Any CPU
		{D705E828-DDD5-4422-A1E9-7B87E68E159B}.Debug|Any CPU.ActiveCfg = Debug|Any CPU
		{D705E828-DDD5-4422-A1E9-7B87E68E159B}.Debug|Any CPU.Build.0 = Debug|Any CPU
		{D705E828-DDD5-4422-A1E9-7B87E68E159B}.Release|Any CPU.ActiveCfg = Release|Any CPU
		{D705E828-DDD5-4422-A1E9-7B87E68E159B}.Release|Any CPU.Build.0 = Release|Any CPU
		{237FE164-375E-479F-AA2E-B160122C6C97}.Debug|Any CPU.ActiveCfg = Debug|Any CPU
		{237FE164-375E-479F-AA2E-B160122C6C97}.Debug|Any CPU.Build.0 = Debug|Any CPU
		{237FE164-375E-479F-AA2E-B160122C6C97}.Release|Any CPU.ActiveCfg = Release|Any CPU
		{237FE164-375E-479F-AA2E-B160122C6C97}.Release|Any CPU.Build.0 = Release|Any CPU
	EndGlobalSection
	GlobalSection(SolutionProperties) = preSolution
		HideSolutionNode = FALSE
	EndGlobalSection
	GlobalSection(NestedProjects) = preSolution
		{02EA681E-C7D8-13C7-8484-4AC65E1B71E8} = {E443CE11-E5C5-44E4-904C-9B0A5AE6BA9E}
		{0EAA13E2-509F-4B1A-99C6-F860BDB8D449} = {02EA681E-C7D8-13C7-8484-4AC65E1B71E8}
		{B5C06FC0-45E2-4135-AD09-733EF831878B} = {02EA681E-C7D8-13C7-8484-4AC65E1B71E8}
		{C06A8831-693E-4686-AE62-FB96B60F56CE} = {E443CE11-E5C5-44E4-904C-9B0A5AE6BA9E}
		{1F57174F-AC9D-4B3C-9CF1-10DD47719932} = {E443CE11-E5C5-44E4-904C-9B0A5AE6BA9E}
		{40BFC6BE-BD10-4C8C-AF03-061F876F34B5} = {C06A8831-693E-4686-AE62-FB96B60F56CE}
		{4FC86E4C-200E-4AD1-92D9-D963BA1D1247} = {1F57174F-AC9D-4B3C-9CF1-10DD47719932}
		{F2AB81FB-01F4-4E70-90E7-8B7B6CFBCEB5} = {49117C7F-C312-4022-8CFF-868550FA8838}
		{D705E828-DDD5-4422-A1E9-7B87E68E159B} = {49117C7F-C312-4022-8CFF-868550FA8838}
		{237FE164-375E-479F-AA2E-B160122C6C97} = {02EA681E-C7D8-13C7-8484-4AC65E1B71E8}
	EndGlobalSection
	GlobalSection(ExtensibilityGlobals) = postSolution
		SolutionGuid = {6B4168D3-2CFC-4A5B-8D1E-3F121FDF358F}
	EndGlobalSection
EndGlobal
